// !$*UTF8*$!
{
	archiveVersion = 1;
	classes = {
	};
	objectVersion = 56;
	objects = {

/* Begin PBXBuildFile section */
		98171DA52E6D61A600A323C7 /* BlackScanApp.swift in Sources */ = {isa = PBXBuildFile; fileRef = 98171DA42E6D61A600A323C7 /* BlackScanApp.swift */; };
		98171DA72E6D61A600A323C7 /* ContentView.swift in Sources */ = {isa = PBXBuildFile; fileRef = 98171DA62E6D61A600A323C7 /* ContentView.swift */; };
		98171DA92E6D61A600A323C7 /* Item.swift in Sources */ = {isa = PBXBuildFile; fileRef = 98171DA82E6D61A600A323C7 /* Item.swift */; };
		98171DAB2E6D61A700A323C7 /* Assets.xcassets in Resources */ = {isa = PBXBuildFile; fileRef = 98171DAA2E6D61A700A323C7 /* Assets.xcassets */; };
		98171DAE2E6D61A700A323C7 /* Preview Assets.xcassets in Resources */ = {isa = PBXBuildFile; fileRef = 98171DAD2E6D61A700A323C7 /* Preview Assets.xcassets */; };
		98171DB82E6D61A700A323C7 /* BlackScanTests.swift in Sources */ = {isa = PBXBuildFile; fileRef = 98171DB72E6D61A700A323C7 /* BlackScanTests.swift */; };
		98171DC22E6D61A700A323C7 /* BlackScanUITests.swift in Sources */ = {isa = PBXBuildFile; fileRef = 98171DC12E6D61A700A323C7 /* BlackScanUITests.swift */; };
		98171DC42E6D61A700A323C7 /* BlackScanUITestsLaunchTests.swift in Sources */ = {isa = PBXBuildFile; fileRef = 98171DC32E6D61A700A323C7 /* BlackScanUITestsLaunchTests.swift */; };
/* End PBXBuildFile section */

/* Begin PBXContainerItemProxy section */
		98171DB42E6D61A700A323C7 /* PBXContainerItemProxy */ = {
			isa = PBXContainerItemProxy;
			containerPortal = 98171D992E6D61A600A323C7 /* Project object */;
			proxyType = 1;
			remoteGlobalIDString = 98171DA02E6D61A600A323C7;
			remoteInfo = BlackScan;
		};
		98171DBE2E6D61A700A323C7 /* PBXContainerItemProxy */ = {
			isa = PBXContainerItemProxy;
			containerPortal = 98171D992E6D61A600A323C7 /* Project object */;
			proxyType = 1;
			remoteGlobalIDString = 98171DA02E6D61A600A323C7;
			remoteInfo = BlackScan;
		};
/* End PBXContainerItemProxy section */

/* Begin PBXFileReference section */
		98171DA12E6D61A600A323C7 /* BlackScan.app */ = {isa = PBXFileReference; explicitFileType = wrapper.application; includeInIndex = 0; path = BlackScan.app; sourceTree = BUILT_PRODUCTS_DIR; };
		98171DA42E6D61A600A323C7 /* BlackScanApp.swift */ = {isa = PBXFileReference; lastKnownFileType = sourcecode.swift; path = BlackScanApp.swift; sourceTree = "<group>"; };
		98171DA62E6D61A600A323C7 /* ContentView.swift */ = {isa = PBXFileReference; lastKnownFileType = sourcecode.swift; path = ContentView.swift; sourceTree = "<group>"; };
		98171DA82E6D61A600A323C7 /* Item.swift */ = {isa = PBXFileReference; lastKnownFileType = sourcecode.swift; path = Item.swift; sourceTree = "<group>"; };
		98171DAA2E6D61A700A323C7 /* Assets.xcassets */ = {isa = PBXFileReference; lastKnownFileType = folder.assetcatalog; path = Assets.xcassets; sourceTree = "<group>"; };
		98171DAD2E6D61A700A323C7 /* Preview Assets.xcassets */ = {isa = PBXFileReference; lastKnownFileType = folder.assetcatalog; path = "Preview Assets.xcassets"; sourceTree = "<group>"; };
		98171DB32E6D61A700A323C7 /* BlackScanTests.xctest */ = {isa = PBXFileReference; explicitFileType = wrapper.cfbundle; includeInIndex = 0; path = BlackScanTests.xctest; sourceTree = BUILT_PRODUCTS_DIR; };
		98171DB72E6D61A700A323C7 /* BlackScanTests.swift */ = {isa = PBXFileReference; lastKnownFileType = sourcecode.swift; path = BlackScanTests.swift; sourceTree = "<group>"; };
		98171DBD2E6D61A700A323C7 /* BlackScanUITests.xctest */ = {isa = PBXFileReference; explicitFileType = wrapper.cfbundle; includeInIndex = 0; path = BlackScanUITests.xctest; sourceTree = BUILT_PRODUCTS_DIR; };
		98171DC12E6D61A700A323C7 /* BlackScanUITests.swift */ = {isa = PBXFileReference; lastKnownFileType = sourcecode.swift; path = BlackScanUITests.swift; sourceTree = "<group>"; };
		98171DC32E6D61A700A323C7 /* BlackScanUITestsLaunchTests.swift */ = {isa = PBXFileReference; lastKnownFileType = sourcecode.swift; path = BlackScanUITestsLaunchTests.swift; sourceTree = "<group>"; };
/* End PBXFileReference section */

/* Begin PBXFrameworksBuildPhase section */
		98171D9E2E6D61A600A323C7 /* Frameworks */ = {
			isa = PBXFrameworksBuildPhase;
			buildActionMask = 2147483647;
			files = (
			);
			runOnlyForDeploymentPostprocessing = 0;
		};
		98171DB02E6D61A700A323C7 /* Frameworks */ = {
			isa = PBXFrameworksBuildPhase;
			buildActionMask = 2147483647;
			files = (
			);
			runOnlyForDeploymentPostprocessing = 0;
		};
		98171DBA2E6D61A700A323C7 /* Frameworks */ = {
			isa = PBXFrameworksBuildPhase;
			buildActionMask = 2147483647;
			files = (
			);
			runOnlyForDeploymentPostprocessing = 0;
		};
/* End PBXFrameworksBuildPhase section */

/* Begin PBXGroup section */
		98171D982E6D61A600A323C7 = {
			isa = PBXGroup;
			children = (
				98171DA32E6D61A600A323C7 /* BlackScan */,
				98171DB62E6D61A700A323C7 /* BlackScanTests */,
				98171DC02E6D61A700A323C7 /* BlackScanUITests */,
				98171DA22E6D61A600A323C7 /* Products */,
			);
			sourceTree = "<group>";
		};
		98171DA22E6D61A600A323C7 /* Products */ = {
			isa = PBXGroup;
			children = (
				98171DA12E6D61A600A323C7 /* BlackScan.app */,
				98171DB32E6D61A700A323C7 /* BlackScanTests.xctest */,
				98171DBD2E6D61A700A323C7 /* BlackScanUITests.xctest */,
			);
			name = Products;
			sourceTree = "<group>";
		};
		98171DA32E6D61A600A323C7 /* BlackScan */ = {
			isa = PBXGroup;
			children = (
				98171DA42E6D61A600A323C7 /* BlackScanApp.swift */,
				98171DA62E6D61A600A323C7 /* ContentView.swift */,
				98171DA82E6D61A600A323C7 /* Item.swift */,
				98171DAA2E6D61A700A323C7 /* Assets.xcassets */,
				98171DAC2E6D61A700A323C7 /* Preview Content */,
			);
			path = BlackScan;
			sourceTree = "<group>";
		};
		98171DAC2E6D61A700A323C7 /* Preview Content */ = {
			isa = PBXGroup;
			children = (
				98171DAD2E6D61A700A323C7 /* Preview Assets.xcassets */,
			);
			path = "Preview Content";
			sourceTree = "<group>";
		};
		98171DB62E6D61A700A323C7 /* BlackScanTests */ = {
			isa = PBXGroup;
			children = (
				98171DB72E6D61A700A323C7 /* BlackScanTests.swift */,
			);
			path = BlackScanTests;
			sourceTree = "<group>";
		};
		98171DC02E6D61A700A323C7 /* BlackScanUITests */ = {
			isa = PBXGroup;
			children = (
				98171DC12E6D61A700A323C7 /* BlackScanUITests.swift */,
				98171DC32E6D61A700A323C7 /* BlackScanUITestsLaunchTests.swift */,
			);
			path = BlackScanUITests;
			sourceTree = "<group>";
		};
/* End PBXGroup section */

/* Begin PBXNativeTarget section */
		98171DA02E6D61A600A323C7 /* BlackScan */ = {
			isa = PBXNativeTarget;
			buildConfigurationList = 98171DC72E6D61A700A323C7 /* Build configuration list for PBXNativeTarget "BlackScan" */;
			buildPhases = (
				98171D9D2E6D61A600A323C7 /* Sources */,
				98171D9E2E6D61A600A323C7 /* Frameworks */,
				98171D9F2E6D61A600A323C7 /* Resources */,
			);
			buildRules = (
			);
			dependencies = (
			);
			name = BlackScan;
			productName = BlackScan;
			productReference = 98171DA12E6D61A600A323C7 /* BlackScan.app */;
			productType = "com.apple.product-type.application";
		};
		98171DB22E6D61A700A323C7 /* BlackScanTests */ = {
			isa = PBXNativeTarget;
			buildConfigurationList = 98171DCA2E6D61A700A323C7 /* Build configuration list for PBXNativeTarget "BlackScanTests" */;
			buildPhases = (
				98171DAF2E6D61A700A323C7 /* Sources */,
				98171DB02E6D61A700A323C7 /* Frameworks */,
				98171DB12E6D61A700A323C7 /* Resources */,
			);
			buildRules = (
			);
			dependencies = (
				98171DB52E6D61A700A323C7 /* PBXTargetDependency */,
			);
			name = BlackScanTests;
			productName = BlackScanTests;
			productReference = 98171DB32E6D61A700A323C7 /* BlackScanTests.xctest */;
			productType = "com.apple.product-type.bundle.unit-test";
		};
		98171DBC2E6D61A700A323C7 /* BlackScanUITests */ = {
			isa = PBXNativeTarget;
			buildConfigurationList = 98171DCD2E6D61A700A323C7 /* Build configuration list for PBXNativeTarget "BlackScanUITests" */;
			buildPhases = (
				98171DB92E6D61A700A323C7 /* Sources */,
				98171DBA2E6D61A700A323C7 /* Frameworks */,
				98171DBB2E6D61A700A323C7 /* Resources */,
			);
			buildRules = (
			);
			dependencies = (
				98171DBF2E6D61A700A323C7 /* PBXTargetDependency */,
			);
			name = BlackScanUITests;
			productName = BlackScanUITests;
			productReference = 98171DBD2E6D61A700A323C7 /* BlackScanUITests.xctest */;
			productType = "com.apple.product-type.bundle.ui-testing";
		};
/* End PBXNativeTarget section */

/* Begin PBXProject section */
		98171D992E6D61A600A323C7 /* Project object */ = {
			isa = PBXProject;
			attributes = {
				BuildIndependentTargetsInParallel = 1;
				LastSwiftUpdateCheck = 1540;
				LastUpgradeCheck = 1540;
				TargetAttributes = {
					98171DA02E6D61A600A323C7 = {
						CreatedOnToolsVersion = 15.4;
					};
					98171DB22E6D61A700A323C7 = {
						CreatedOnToolsVersion = 15.4;
						TestTargetID = 98171DA02E6D61A600A323C7;
					};
					98171DBC2E6D61A700A323C7 = {
						CreatedOnToolsVersion = 15.4;
						TestTargetID = 98171DA02E6D61A600A323C7;
					};
				};
			};
			buildConfigurationList = 98171D9C2E6D61A600A323C7 /* Build configuration list for PBXProject "BlackScan" */;
			compatibilityVersion = "Xcode 14.0";
			developmentRegion = en;
			hasScannedForEncodings = 0;
			knownRegions = (
				en,
				Base,
			);
			mainGroup = 98171D982E6D61A600A323C7;
			productRefGroup = 98171DA22E6D61A600A323C7 /* Products */;
			projectDirPath = "";
			projectRoot = "";
			targets = (
				98171DA02E6D61A600A323C7 /* BlackScan */,
				98171DB22E6D61A700A323C7 /* BlackScanTests */,
				98171DBC2E6D61A700A323C7 /* BlackScanUITests */,
			);
		};
/* End PBXProject section */

/* Begin PBXResourcesBuildPhase section */
		98171D9F2E6D61A600A323C7 /* Resources */ = {
			isa = PBXResourcesBuildPhase;
			buildActionMask = 2147483647;
			files = (
				98171DAE2E6D61A700A323C7 /* Preview Assets.xcassets in Resources */,
				98171DAB2E6D61A700A323C7 /* Assets.xcassets in Resources */,
			);
			runOnlyForDeploymentPostprocessing = 0;
		};
		98171DB12E6D61A700A323C7 /* Resources */ = {
			isa = PBXResourcesBuildPhase;
			buildActionMask = 2147483647;
			files = (
			);
			runOnlyForDeploymentPostprocessing = 0;
		};
		98171DBB2E6D61A700A323C7 /* Resources */ = {
			isa = PBXResourcesBuildPhase;
			buildActionMask = 2147483647;
			files = (
			);
			runOnlyForDeploymentPostprocessing = 0;
		};
/* End PBXResourcesBuildPhase section */

/* Begin PBXSourcesBuildPhase section */
		98171D9D2E6D61A600A323C7 /* Sources */ = {
			isa = PBXSourcesBuildPhase;
			buildActionMask = 2147483647;
			files = (
				98171DA72E6D61A600A323C7 /* ContentView.swift in Sources */,
				98171DA92E6D61A600A323C7 /* Item.swift in Sources */,
				98171DA52E6D61A600A323C7 /* BlackScanApp.swift in Sources */,
			);
			runOnlyForDeploymentPostprocessing = 0;
		};
		98171DAF2E6D61A700A323C7 /* Sources */ = {
			isa = PBXSourcesBuildPhase;
			buildActionMask = 2147483647;
			files = (
				98171DB82E6D61A700A323C7 /* BlackScanTests.swift in Sources */,
			);
			runOnlyForDeploymentPostprocessing = 0;
		};
		98171DB92E6D61A700A323C7 /* Sources */ = {
			isa = PBXSourcesBuildPhase;
			buildActionMask = 2147483647;
			files = (
				98171DC22E6D61A700A323C7 /* BlackScanUITests.swift in Sources */,
				98171DC42E6D61A700A323C7 /* BlackScanUITestsLaunchTests.swift in Sources */,
			);
			runOnlyForDeploymentPostprocessing = 0;
		};
/* End PBXSourcesBuildPhase section */

/* Begin PBXTargetDependency section */
		98171DB52E6D61A700A323C7 /* PBXTargetDependency */ = {
			isa = PBXTargetDependency;
			target = 98171DA02E6D61A600A323C7 /* BlackScan */;
			targetProxy = 98171DB42E6D61A700A323C7 /* PBXContainerItemProxy */;
		};
		98171DBF2E6D61A700A323C7 /* PBXTargetDependency */ = {
			isa = PBXTargetDependency;
			target = 98171DA02E6D61A600A323C7 /* BlackScan */;
			targetProxy = 98171DBE2E6D61A700A323C7 /* PBXContainerItemProxy */;
		};
/* End PBXTargetDependency section */

/* Begin XCBuildConfiguration section */
		98171DC52E6D61A700A323C7 /* Debug */ = {
			isa = XCBuildConfiguration;
			buildSettings = {
				ALWAYS_SEARCH_USER_PATHS = NO;
				ASSETCATALOG_COMPILER_GENERATE_SWIFT_ASSET_SYMBOL_EXTENSIONS = YES;
				CLANG_ANALYZER_NONNULL = YES;
				CLANG_ANALYZER_NUMBER_OBJECT_CONVERSION = YES_AGGRESSIVE;
				CLANG_CXX_LANGUAGE_STANDARD = "gnu++20";
				CLANG_ENABLE_MODULES = YES;
				CLANG_ENABLE_OBJC_ARC = YES;
				CLANG_ENABLE_OBJC_WEAK = YES;
				CLANG_WARN_BLOCK_CAPTURE_AUTORELEASING = YES;
				CLANG_WARN_BOOL_CONVERSION = YES;
				CLANG_WARN_COMMA = YES;
				CLANG_WARN_CONSTANT_CONVERSION = YES;
				CLANG_WARN_DEPRECATED_OBJC_IMPLEMENTATIONS = YES;
				CLANG_WARN_DIRECT_OBJC_ISA_USAGE = YES_ERROR;
				CLANG_WARN_DOCUMENTATION_COMMENTS = YES;
				CLANG_WARN_EMPTY_BODY = YES;
				CLANG_WARN_ENUM_CONVERSION = YES;
				CLANG_WARN_INFINITE_RECURSION = YES;
				CLANG_WARN_INT_CONVERSION = YES;
				CLANG_WARN_NON_LITERAL_NULL_CONVERSION = YES;
				CLANG_WARN_OBJC_IMPLICIT_RETAIN_SELF = YES;
				CLANG_WARN_OBJC_LITERAL_CONVERSION = YES;
				CLANG_WARN_OBJC_ROOT_CLASS = YES_ERROR;
				CLANG_WARN_QUOTED_INCLUDE_IN_FRAMEWORK_HEADER = YES;
				CLANG_WARN_RANGE_LOOP_ANALYSIS = YES;
				CLANG_WARN_STRICT_PROTOTYPES = YES;
				CLANG_WARN_SUSPICIOUS_MOVE = YES;
				CLANG_WARN_UNGUARDED_AVAILABILITY = YES_AGGRESSIVE;
				CLANG_WARN_UNREACHABLE_CODE = YES;
				CLANG_WARN__DUPLICATE_METHOD_MATCH = YES;
				COPY_PHASE_STRIP = NO;
				DEBUG_INFORMATION_FORMAT = dwarf;
				ENABLE_STRICT_OBJC_MSGSEND = YES;
				ENABLE_TESTABILITY = YES;
				ENABLE_USER_SCRIPT_SANDBOXING = YES;
				GCC_C_LANGUAGE_STANDARD = gnu17;
				GCC_DYNAMIC_NO_PIC = NO;
				GCC_NO_COMMON_BLOCKS = YES;
				GCC_OPTIMIZATION_LEVEL = 0;
				GCC_PREPROCESSOR_DEFINITIONS = (
					"DEBUG=1",
					"$(inherited)",
				);
				GCC_WARN_64_TO_32_BIT_CONVERSION = YES;
				GCC_WARN_ABOUT_RETURN_TYPE = YES_ERROR;
				GCC_WARN_UNDECLARED_SELECTOR = YES;
				GCC_WARN_UNINITIALIZED_AUTOS = YES_AGGRESSIVE;
				GCC_WARN_UNUSED_FUNCTION = YES;
				GCC_WARN_UNUSED_VARIABLE = YES;
				IPHONEOS_DEPLOYMENT_TARGET = 17.5;
				LOCALIZATION_PREFERS_STRING_CATALOGS = YES;
				MTL_ENABLE_DEBUG_INFO = INCLUDE_SOURCE;
				MTL_FAST_MATH = YES;
				ONLY_ACTIVE_ARCH = YES;
				SDKROOT = iphoneos;
				SWIFT_ACTIVE_COMPILATION_CONDITIONS = "DEBUG $(inherited)";
				SWIFT_OPTIMIZATION_LEVEL = "-Onone";
			};
			name = Debug;
		};
		98171DC62E6D61A700A323C7 /* Release */ = {
			isa = XCBuildConfiguration;
			buildSettings = {
				ALWAYS_SEARCH_USER_PATHS = NO;
				ASSETCATALOG_COMPILER_GENERATE_SWIFT_ASSET_SYMBOL_EXTENSIONS = YES;
				CLANG_ANALYZER_NONNULL = YES;
				CLANG_ANALYZER_NUMBER_OBJECT_CONVERSION = YES_AGGRESSIVE;
				CLANG_CXX_LANGUAGE_STANDARD = "gnu++20";
				CLANG_ENABLE_MODULES = YES;
				CLANG_ENABLE_OBJC_ARC = YES;
				CLANG_ENABLE_OBJC_WEAK = YES;
				CLANG_WARN_BLOCK_CAPTURE_AUTORELEASING = YES;
				CLANG_WARN_BOOL_CONVERSION = YES;
				CLANG_WARN_COMMA = YES;
				CLANG_WARN_CONSTANT_CONVERSION = YES;
				CLANG_WARN_DEPRECATED_OBJC_IMPLEMENTATIONS = YES;
				CLANG_WARN_DIRECT_OBJC_ISA_USAGE = YES_ERROR;
				CLANG_WARN_DOCUMENTATION_COMMENTS = YES;
				CLANG_WARN_EMPTY_BODY = YES;
				CLANG_WARN_ENUM_CONVERSION = YES;
				CLANG_WARN_INFINITE_RECURSION = YES;
				CLANG_WARN_INT_CONVERSION = YES;
				CLANG_WARN_NON_LITERAL_NULL_CONVERSION = YES;
				CLANG_WARN_OBJC_IMPLICIT_RETAIN_SELF = YES;
				CLANG_WARN_OBJC_LITERAL_CONVERSION = YES;
				CLANG_WARN_OBJC_ROOT_CLASS = YES_ERROR;
				CLANG_WARN_QUOTED_INCLUDE_IN_FRAMEWORK_HEADER = YES;
				CLANG_WARN_RANGE_LOOP_ANALYSIS = YES;
				CLANG_WARN_STRICT_PROTOTYPES = YES;
				CLANG_WARN_SUSPICIOUS_MOVE = YES;
				CLANG_WARN_UNGUARDED_AVAILABILITY = YES_AGGRESSIVE;
				CLANG_WARN_UNREACHABLE_CODE = YES;
				CLANG_WARN__DUPLICATE_METHOD_MATCH = YES;
				COPY_PHASE_STRIP = NO;
				DEBUG_INFORMATION_FORMAT = "dwarf-with-dsym";
				ENABLE_NS_ASSERTIONS = NO;
				ENABLE_STRICT_OBJC_MSGSEND = YES;
				ENABLE_USER_SCRIPT_SANDBOXING = YES;
				GCC_C_LANGUAGE_STANDARD = gnu17;
				GCC_NO_COMMON_BLOCKS = YES;
				GCC_WARN_64_TO_32_BIT_CONVERSION = YES;
				GCC_WARN_ABOUT_RETURN_TYPE = YES_ERROR;
				GCC_WARN_UNDECLARED_SELECTOR = YES;
				GCC_WARN_UNINITIALIZED_AUTOS = YES_AGGRESSIVE;
				GCC_WARN_UNUSED_FUNCTION = YES;
				GCC_WARN_UNUSED_VARIABLE = YES;
				IPHONEOS_DEPLOYMENT_TARGET = 17.5;
				LOCALIZATION_PREFERS_STRING_CATALOGS = YES;
				MTL_ENABLE_DEBUG_INFO = NO;
				MTL_FAST_MATH = YES;
				SDKROOT = iphoneos;
				SWIFT_COMPILATION_MODE = wholemodule;
				VALIDATE_PRODUCT = YES;
			};
			name = Release;
		};
		98171DC82E6D61A700A323C7 /* Debug */ = {
			isa = XCBuildConfiguration;
			buildSettings = {
				ASSETCATALOG_COMPILER_APPICON_NAME = AppIcon;
				ASSETCATALOG_COMPILER_GLOBAL_ACCENT_COLOR_NAME = AccentColor;
				CODE_SIGN_STYLE = Automatic;
				CURRENT_PROJECT_VERSION = 1;
				DEVELOPMENT_ASSET_PATHS = "\"BlackScan/Preview Content\"";
				DEVELOPMENT_TEAM = H9RD8ZZXHD;
				ENABLE_PREVIEWS = YES;
				GENERATE_INFOPLIST_FILE = YES;
				INFOPLIST_KEY_UIApplicationSceneManifest_Generation = YES;
				INFOPLIST_KEY_UIApplicationSupportsIndirectInputEvents = YES;
				INFOPLIST_KEY_UILaunchScreen_Generation = YES;
				INFOPLIST_KEY_UISupportedInterfaceOrientations_iPad = "UIInterfaceOrientationPortrait UIInterfaceOrientationPortraitUpsideDown UIInterfaceOrientationLandscapeLeft UIInterfaceOrientationLandscapeRight";
				INFOPLIST_KEY_UISupportedInterfaceOrientations_iPhone = "UIInterfaceOrientationPortrait UIInterfaceOrientationLandscapeLeft UIInterfaceOrientationLandscapeRight";
				LD_RUNPATH_SEARCH_PATHS = (
					"$(inherited)",
					"@executable_path/Frameworks",
				);
				MARKETING_VERSION = 1.0;
				PRODUCT_BUNDLE_IDENTIFIER = xokendall.BlackScan;
				PRODUCT_NAME = "$(TARGET_NAME)";
				SWIFT_EMIT_LOC_STRINGS = YES;
				SWIFT_VERSION = 5.0;
				TARGETED_DEVICE_FAMILY = "1,2";
			};
			name = Debug;
		};
		98171DC92E6D61A700A323C7 /* Release */ = {
			isa = XCBuildConfiguration;
			buildSettings = {
				ASSETCATALOG_COMPILER_APPICON_NAME = AppIcon;
				ASSETCATALOG_COMPILER_GLOBAL_ACCENT_COLOR_NAME = AccentColor;
				CODE_SIGN_STYLE = Automatic;
				CURRENT_PROJECT_VERSION = 1;
				DEVELOPMENT_ASSET_PATHS = "\"BlackScan/Preview Content\"";
				DEVELOPMENT_TEAM = H9RD8ZZXHD;
				ENABLE_PREVIEWS = YES;
				GENERATE_INFOPLIST_FILE = YES;
				INFOPLIST_KEY_UIApplicationSceneManifest_Generation = YES;
				INFOPLIST_KEY_UIApplicationSupportsIndirectInputEvents = YES;
				INFOPLIST_KEY_UILaunchScreen_Generation = YES;
				INFOPLIST_KEY_UISupportedInterfaceOrientations_iPad = "UIInterfaceOrientationPortrait UIInterfaceOrientationPortraitUpsideDown UIInterfaceOrientationLandscapeLeft UIInterfaceOrientationLandscapeRight";
				INFOPLIST_KEY_UISupportedInterfaceOrientations_iPhone = "UIInterfaceOrientationPortrait UIInterfaceOrientationLandscapeLeft UIInterfaceOrientationLandscapeRight";
				LD_RUNPATH_SEARCH_PATHS = (
					"$(inherited)",
					"@executable_path/Frameworks",
				);
				MARKETING_VERSION = 1.0;
				PRODUCT_BUNDLE_IDENTIFIER = xokendall.BlackScan;
				PRODUCT_NAME = "$(TARGET_NAME)";
				SWIFT_EMIT_LOC_STRINGS = YES;
				SWIFT_VERSION = 5.0;
				TARGETED_DEVICE_FAMILY = "1,2";
			};
			name = Release;
		};
		98171DCB2E6D61A700A323C7 /* Debug */ = {
			isa = XCBuildConfiguration;
			buildSettings = {
				ALWAYS_EMBED_SWIFT_STANDARD_LIBRARIES = YES;
				BUNDLE_LOADER = "$(TEST_HOST)";
				CODE_SIGN_STYLE = Automatic;
				CURRENT_PROJECT_VERSION = 1;
				DEVELOPMENT_TEAM = H9RD8ZZXHD;
				GENERATE_INFOPLIST_FILE = YES;
				IPHONEOS_DEPLOYMENT_TARGET = 17.5;
				MARKETING_VERSION = 1.0;
				PRODUCT_BUNDLE_IDENTIFIER = xokendall.BlackScanTests;
				PRODUCT_NAME = "$(TARGET_NAME)";
				SWIFT_EMIT_LOC_STRINGS = NO;
				SWIFT_VERSION = 5.0;
				TARGETED_DEVICE_FAMILY = "1,2";
				TEST_HOST = "$(BUILT_PRODUCTS_DIR)/BlackScan.app/$(BUNDLE_EXECUTABLE_FOLDER_PATH)/BlackScan";
			};
			name = Debug;
		};
		98171DCC2E6D61A700A323C7 /* Release */ = {
			isa = XCBuildConfiguration;
			buildSettings = {
				ALWAYS_EMBED_SWIFT_STANDARD_LIBRARIES = YES;
				BUNDLE_LOADER = "$(TEST_HOST)";
				CODE_SIGN_STYLE = Automatic;
				CURRENT_PROJECT_VERSION = 1;
				DEVELOPMENT_TEAM = H9RD8ZZXHD;
				GENERATE_INFOPLIST_FILE = YES;
				IPHONEOS_DEPLOYMENT_TARGET = 17.5;
				MARKETING_VERSION = 1.0;
				PRODUCT_BUNDLE_IDENTIFIER = xokendall.BlackScanTests;
				PRODUCT_NAME = "$(TARGET_NAME)";
				SWIFT_EMIT_LOC_STRINGS = NO;
				SWIFT_VERSION = 5.0;
				TARGETED_DEVICE_FAMILY = "1,2";
				TEST_HOST = "$(BUILT_PRODUCTS_DIR)/BlackScan.app/$(BUNDLE_EXECUTABLE_FOLDER_PATH)/BlackScan";
			};
			name = Release;
		};
		98171DCE2E6D61A700A323C7 /* Debug */ = {
			isa = XCBuildConfiguration;
			buildSettings = {
				ALWAYS_EMBED_SWIFT_STANDARD_LIBRARIES = YES;
				CODE_SIGN_STYLE = Automatic;
				CURRENT_PROJECT_VERSION = 1;
				DEVELOPMENT_TEAM = H9RD8ZZXHD;
				GENERATE_INFOPLIST_FILE = YES;
				MARKETING_VERSION = 1.0;
				PRODUCT_BUNDLE_IDENTIFIER = xokendall.BlackScanUITests;
				PRODUCT_NAME = "$(TARGET_NAME)";
				SWIFT_EMIT_LOC_STRINGS = NO;
				SWIFT_VERSION = 5.0;
				TARGETED_DEVICE_FAMILY = "1,2";
				TEST_TARGET_NAME = BlackScan;
			};
			name = Debug;
		};
		98171DCF2E6D61A700A323C7 /* Release */ = {
			isa = XCBuildConfiguration;
			buildSettings = {
				ALWAYS_EMBED_SWIFT_STANDARD_LIBRARIES = YES;
				CODE_SIGN_STYLE = Automatic;
				CURRENT_PROJECT_VERSION = 1;
				DEVELOPMENT_TEAM = H9RD8ZZXHD;
				GENERATE_INFOPLIST_FILE = YES;
				MARKETING_VERSION = 1.0;
				PRODUCT_BUNDLE_IDENTIFIER = xokendall.BlackScanUITests;
				PRODUCT_NAME = "$(TARGET_NAME)";
				SWIFT_EMIT_LOC_STRINGS = NO;
				SWIFT_VERSION = 5.0;
				TARGETED_DEVICE_FAMILY = "1,2";
				TEST_TARGET_NAME = BlackScan;
			};
			name = Release;
		};
/* End XCBuildConfiguration section */

/* Begin XCConfigurationList section */
		98171D9C2E6D61A600A323C7 /* Build configuration list for PBXProject "BlackScan" */ = {
			isa = XCConfigurationList;
			buildConfigurations = (
				98171DC52E6D61A700A323C7 /* Debug */,
				98171DC62E6D61A700A323C7 /* Release */,
			);
			defaultConfigurationIsVisible = 0;
			defaultConfigurationName = Release;
		};
		98171DC72E6D61A700A323C7 /* Build configuration list for PBXNativeTarget "BlackScan" */ = {
			isa = XCConfigurationList;
			buildConfigurations = (
				98171DC82E6D61A700A323C7 /* Debug */,
				98171DC92E6D61A700A323C7 /* Release */,
			);
			defaultConfigurationIsVisible = 0;
			defaultConfigurationName = Release;
		};
		98171DCA2E6D61A700A323C7 /* Build configuration list for PBXNativeTarget "BlackScanTests" */ = {
			isa = XCConfigurationList;
			buildConfigurations = (
				98171DCB2E6D61A700A323C7 /* Debug */,
				98171DCC2E6D61A700A323C7 /* Release */,
			);
			defaultConfigurationIsVisible = 0;
			defaultConfigurationName = Release;
		};
		98171DCD2E6D61A700A323C7 /* Build configuration list for PBXNativeTarget "BlackScanUITests" */ = {
			isa = XCConfigurationList;
			buildConfigurations = (
				98171DCE2E6D61A700A323C7 /* Debug */,
				98171DCF2E6D61A700A323C7 /* Release */,
			);
			defaultConfigurationIsVisible = 0;
			defaultConfigurationName = Release;
		};
/* End XCConfigurationList section */
	};
	rootObject = 98171D992E6D61A600A323C7 /* Project object */;
}
