// !$*UTF8*$!
{
	archiveVersion = 1;
	classes = {
	};
	objectVersion = 56;
	objects = {

/* Begin PBXBuildFile section */
		03B0200A3F61416B8E09B2B5 /* CartItem.swift in Sources */ = {isa = PBXBuildFile; fileRef = A0BA6B7961A448CCBF2A1334 /* CartItem.swift */; };
		10CF6117E68F4EFE8620EBD4 /* SavedCompaniesManager.swift in Sources */ = {isa = PBXBuildFile; fileRef = F5FFCED2B95049898237A9ED /* SavedCompaniesManager.swift */; };
		PCACHE001AAAA000011111111 /* ProductCacheManager.swift in Sources */ = {isa = PBXBuildFile; fileRef = PCACHE002BBBB000022222222 /* ProductCacheManager.swift */; };
		19AA321156484F2EBDF8B168 /* CheckoutManagerView.swift in Sources */ = {isa = PBXBuildFile; fileRef = 74F7812470F84E339FA49DF4 /* CheckoutManagerView.swift */; };
		308D736FEEE54EDDAEE2DBF1 /* ShopView.swift in Sources */ = {isa = PBXBuildFile; fileRef = 65CA91DF84CE4AE9BF1641EB /* ShopView.swift */; };
		3159309F4F0E4064915B2335 /* ProfileView.swift in Sources */ = {isa = PBXBuildFile; fileRef = 513A748DE5B44D519E066756 /* ProfileView.swift */; };
		429AC597DC284619A0A3EF9C /* LiveScannerView.swift in Sources */ = {isa = PBXBuildFile; fileRef = 1702DD19E1CD44D7913A7610 /* LiveScannerView.swift */; };
		5057509543844DA19943CA25 /* CartManager.swift in Sources */ = {isa = PBXBuildFile; fileRef = 2D626E5264E34C09BA1DB396 /* CartManager.swift */; };
		582CC9A5239A414E83EE6558 /* LaunchScreenView.swift in Sources */ = {isa = PBXBuildFile; fileRef = 1ABDBF297C534B0F8F568526 /* LaunchScreenView.swift */; };
		5CF48CB932F34A94968108C3 /* SavedView.swift in Sources */ = {isa = PBXBuildFile; fileRef = 8364F9178AF7463E8CE2E2D7 /* SavedView.swift */; };
		68C3C791DBA54F789650CF84 /* FeedbackManager.swift in Sources */ = {isa = PBXBuildFile; fileRef = E2FF8FDC94A54D5F953B33D7 /* FeedbackManager.swift */; };
		6EDDCA701DE548B0B7938F2A /* UserAuthService.swift in Sources */ = {isa = PBXBuildFile; fileRef = 8AA52B1C56284EA4A3BC80B9 /* UserAuthService.swift */; };
		7BC94C979D09429DAC131580 /* ScanHistoryManager.swift in Sources */ = {isa = PBXBuildFile; fileRef = E4ACF8E0E668487081844A6E /* ScanHistoryManager.swift */; };
		86FDE1CFAE2144B5B254F7E3 /* CompanyView.swift in Sources */ = {isa = PBXBuildFile; fileRef = 483EAB22DE12485CAFEB830D /* CompanyView.swift */; };
		9626C455B93B4831926AAECE /* SavedProductsManager.swift in Sources */ = {isa = PBXBuildFile; fileRef = 2B7CDEED77BE4D87A438833E /* SavedProductsManager.swift */; };
		98171DAB2E6D61A700A323C7 /* Assets.xcassets in Resources */ = {isa = PBXBuildFile; fileRef = 98171DAA2E6D61A700A323C7 /* Assets.xcassets */; };
		C9A4E7F13B2D58A0E1F09C76 /* PrivacyInfo.xcprivacy in Resources */ = {isa = PBXBuildFile; fileRef = B8F3A1C2D7E04A91F0C26E3D /* PrivacyInfo.xcprivacy */; };
		98171DAE2E6D61A700A323C7 /* Preview Assets.xcassets in Resources */ = {isa = PBXBuildFile; fileRef = 98171DAD2E6D61A700A323C7 /* Preview Assets.xcassets */; };
		98171DB82E6D61A700A323C7 /* BlackScanTests.swift in Sources */ = {isa = PBXBuildFile; fileRef = 98171DB72E6D61A700A323C7 /* BlackScanTests.swift */; };
		98171DC22E6D61A700A323C7 /* BlackScanUITests.swift in Sources */ = {isa = PBXBuildFile; fileRef = 98171DC12E6D61A700A323C7 /* BlackScanUITests.swift */; };
		98171DC42E6D61A700A323C7 /* BlackScanUITestsLaunchTests.swift in Sources */ = {isa = PBXBuildFile; fileRef = 98171DC32E6D61A700A323C7 /* BlackScanUITestsLaunchTests.swift */; };
		989513662F3433040093A83B /* ConfidenceScorer.swift in Sources */ = {isa = PBXBuildFile; fileRef = 989513602F3433040093A83B /* ConfidenceScorer.swift */; };
		989513672F3433040093A83B /* ProductTaxonomy.swift in Sources */ = {isa = PBXBuildFile; fileRef = 989513632F3433040093A83B /* ProductTaxonomy.swift */; };
		989513682F3433040093A83B /* IngredientDatabase.swift in Sources */ = {isa = PBXBuildFile; fileRef = 989513622F3433040093A83B /* IngredientDatabase.swift */; };
		989513692F3433040093A83B /* SizeExtractor.swift in Sources */ = {isa = PBXBuildFile; fileRef = 989513642F3433040093A83B /* SizeExtractor.swift */; };
		9895136A2F3433040093A83B /* AdvancedClassifier.swift in Sources */ = {isa = PBXBuildFile; fileRef = 9895135E2F3433040093A83B /* AdvancedClassifier.swift */; };
		9895136B2F3433040093A83B /* BrandDatabase.swift in Sources */ = {isa = PBXBuildFile; fileRef = 9895135F2F3433040093A83B /* BrandDatabase.swift */; };
		9895136C2F3433040093A83B /* FormTaxonomy.swift in Sources */ = {isa = PBXBuildFile; fileRef = 989513612F3433040093A83B /* FormTaxonomy.swift */; };
		9895136E2F34423F0093A83B /* OpenAIVisionService.swift in Sources */ = {isa = PBXBuildFile; fileRef = 9895136D2F34423F0093A83B /* OpenAIVisionService.swift */; };
		989513732F34516F0093A83B /* MultiFrameOCRService.swift in Sources */ = {isa = PBXBuildFile; fileRef = 989513722F34516F0093A83B /* MultiFrameOCRService.swift */; };
		989513742F34516F0093A83B /* GPT4TextService.swift in Sources */ = {isa = PBXBuildFile; fileRef = 989513712F34516F0093A83B /* GPT4TextService.swift */; };
		989513762F3452D20093A83B /* HybridScanService.swift in Sources */ = {isa = PBXBuildFile; fileRef = 989513752F3452D20093A83B /* HybridScanService.swift */; };
		98EC5A7D2F1D6BEE0093C455 /* AllFeaturedProductsView.swift in Sources */ = {isa = PBXBuildFile; fileRef = 98EC5A7B2F1D6BEE0093C455 /* AllFeaturedProductsView.swift */; };

		98EC5A802F1D7F1E0093C455 /* ImageCache.swift in Sources */ = {isa = PBXBuildFile; fileRef = 98EC5A7F2F1D7F1E0093C455 /* ImageCache.swift */; };
		98EC5A832F1EBC040093C455 /* MainTabView.swift in Sources */ = {isa = PBXBuildFile; fileRef = 98EC5A822F1EBC040093C455 /* MainTabView.swift */; };
		98EC5AFF2F1EBC040093C455 /* DesignSystem.swift in Sources */ = {isa = PBXBuildFile; fileRef = 98EC5AFE2F1EBC040093C455 /* DesignSystem.swift */; };
		9D46EE1BF95E44D2B81D11E6 /* ProductCard.swift in Sources */ = {isa = PBXBuildFile; fileRef = 29F5F79A5B6B44F28116EA3D /* ProductCard.swift */; };
		A2BA2EE6C51248D68611BF05 /* TestEnv.swift in Sources */ = {isa = PBXBuildFile; fileRef = F33E971E5C884EFDB7C130BE /* TestEnv.swift */; };
		A4C01374B0914DDBBA148277 /* ../BlackScanApp.swift in Sources */ = {isa = PBXBuildFile; fileRef = B370110C1CD84244B4013254 /* ../BlackScanApp.swift */; };
		ACC64E1E00CA44038FE01F24 /* Item.swift in Sources */ = {isa = PBXBuildFile; fileRef = 28B32B9E4FF04155B8C6178E /* Item.swift */; };
		BF012019D9B6439087938951 /* TypesenseClient.swift in Sources */ = {isa = PBXBuildFile; fileRef = 12661F72CB2144B4AFC1E21B /* TypesenseClient.swift */; };
		C683AC8FE0F54FBEACFE35E4 /* Models.swift in Sources */ = {isa = PBXBuildFile; fileRef = 914FF8189FED445B8CEBBCD5 /* Models.swift */; };
		CA1C305EAD0341FD8FCC737B /* TypesenseDiagnostic.swift in Sources */ = {isa = PBXBuildFile; fileRef = 61B887E2854146EAACF130E8 /* TypesenseDiagnostic.swift */; };
		DB9BCCDD97F9422FB0391341 /* ProductDetailView.swift in Sources */ = {isa = PBXBuildFile; fileRef = 6D7ADA2BECC04563B73B6CF0 /* ProductDetailView.swift */; };
		E6EC0496171E4F33BC3300B8 /* Classifier.swift in Sources */ = {isa = PBXBuildFile; fileRef = 63DF065BCF4E4505B1D28792 /* Classifier.swift */; };
		F072230AA6CA4E5595432F8A /* ScanView.swift in Sources */ = {isa = PBXBuildFile; fileRef = 9B4D3580FC05495BADB469B2 /* ScanView.swift */; };
		F1ED561BA80746938AE9D89F /* CameraScanView.swift in Sources */ = {isa = PBXBuildFile; fileRef = 404E978B47FB4323B97047D4 /* CameraScanView.swift */; };
		F5857BF10EB44C56B2197FBD /* AppleAuthManager.swift in Sources */ = {isa = PBXBuildFile; fileRef = 8DFC7777280840E1BFF25C9A /* AppleAuthManager.swift */; };
		F69815BE12C241C99C84CA36 /* Env.swift in Sources */ = {isa = PBXBuildFile; fileRef = 8AE83DBF258F4E2EAAABBBD2 /* Env.swift */; };
		EE8D08D3E5127E674A0E4573 /* SecureStorage.swift in Sources */ = {isa = PBXBuildFile; fileRef = 0F92EB11302889829A9EF9D7 /* SecureStorage.swift */; };
		30B399E6F7740EA656AFAEBF /* InputValidator.swift in Sources */ = {isa = PBXBuildFile; fileRef = EDD520B9334DB3D478D121CA /* InputValidator.swift */; };
		91E3819F1DC5875A8A37EC88 /* LogManager.swift in Sources */ = {isa = PBXBuildFile; fileRef = 7F47F55A3C55625C244BF152 /* LogManager.swift */; };
		41EEC4A43FF078436E32D50A /* NetworkSecurity.swift in Sources */ = {isa = PBXBuildFile; fileRef = B17401CF0FB11806CDFFA89C /* NetworkSecurity.swift */; };
		A2C7D9F41E3A0B52D8F1C6E0 /* NetworkMonitor.swift in Sources */ = {isa = PBXBuildFile; fileRef = D4E8B3A72F9C61D09A4E27F1 /* NetworkMonitor.swift */; };
/* End PBXBuildFile section */

/* Begin PBXContainerItemProxy section */
		98171DB42E6D61A700A323C7 /* PBXContainerItemProxy */ = {
			isa = PBXContainerItemProxy;
			containerPortal = 98171D992E6D61A600A323C7 /* Project object */;
			proxyType = 1;
			remoteGlobalIDString = 98171DA02E6D61A600A323C7;
			remoteInfo = BlackScan;
		};
		98171DBE2E6D61A700A323C7 /* PBXContainerItemProxy */ = {
			isa = PBXContainerItemProxy;
			containerPortal = 98171D992E6D61A600A323C7 /* Project object */;
			proxyType = 1;
			remoteGlobalIDString = 98171DA02E6D61A600A323C7;
			remoteInfo = BlackScan;
		};
/* End PBXContainerItemProxy section */

/* Begin PBXFileReference section */
		12661F72CB2144B4AFC1E21B /* TypesenseClient.swift */ = {isa = PBXFileReference; lastKnownFileType = sourcecode.swift; path = TypesenseClient.swift; sourceTree = "<group>"; };
		1702DD19E1CD44D7913A7610 /* LiveScannerView.swift */ = {isa = PBXFileReference; lastKnownFileType = sourcecode.swift; path = LiveScannerView.swift; sourceTree = "<group>"; };
		1ABDBF297C534B0F8F568526 /* LaunchScreenView.swift */ = {isa = PBXFileReference; lastKnownFileType = sourcecode.swift; path = LaunchScreenView.swift; sourceTree = "<group>"; };
		28B32B9E4FF04155B8C6178E /* Item.swift */ = {isa = PBXFileReference; lastKnownFileType = sourcecode.swift; path = Item.swift; sourceTree = "<group>"; };
		29F5F79A5B6B44F28116EA3D /* ProductCard.swift */ = {isa = PBXFileReference; lastKnownFileType = sourcecode.swift; path = ProductCard.swift; sourceTree = "<group>"; };
		2B7CDEED77BE4D87A438833E /* SavedProductsManager.swift */ = {isa = PBXFileReference; lastKnownFileType = sourcecode.swift; path = SavedProductsManager.swift; sourceTree = "<group>"; };
		2D626E5264E34C09BA1DB396 /* CartManager.swift */ = {isa = PBXFileReference; lastKnownFileType = sourcecode.swift; path = CartManager.swift; sourceTree = "<group>"; };
		404E978B47FB4323B97047D4 /* CameraScanView.swift */ = {isa = PBXFileReference; lastKnownFileType = sourcecode.swift; path = CameraScanView.swift; sourceTree = "<group>"; };
		483EAB22DE12485CAFEB830D /* CompanyView.swift */ = {isa = PBXFileReference; lastKnownFileType = sourcecode.swift; path = CompanyView.swift; sourceTree = "<group>"; };
		513A748DE5B44D519E066756 /* ProfileView.swift */ = {isa = PBXFileReference; lastKnownFileType = sourcecode.swift; path = ProfileView.swift; sourceTree = "<group>"; };
		61B887E2854146EAACF130E8 /* TypesenseDiagnostic.swift */ = {isa = PBXFileReference; lastKnownFileType = sourcecode.swift; path = TypesenseDiagnostic.swift; sourceTree = "<group>"; };
		63DF065BCF4E4505B1D28792 /* Classifier.swift */ = {isa = PBXFileReference; lastKnownFileType = sourcecode.swift; path = Classifier.swift; sourceTree = "<group>"; };
		65CA91DF84CE4AE9BF1641EB /* ShopView.swift */ = {isa = PBXFileReference; lastKnownFileType = sourcecode.swift; path = ShopView.swift; sourceTree = "<group>"; };
		6A7B23A9180845D9A3B8750E /* UserAuthService.swift */ = {isa = PBXFileReference; lastKnownFileType = sourcecode.swift; path = UserAuthService.swift; sourceTree = "<group>"; };
		6D7ADA2BECC04563B73B6CF0 /* ProductDetailView.swift */ = {isa = PBXFileReference; lastKnownFileType = sourcecode.swift; path = ProductDetailView.swift; sourceTree = "<group>"; };
		74F7812470F84E339FA49DF4 /* CheckoutManagerView.swift */ = {isa = PBXFileReference; lastKnownFileType = sourcecode.swift; path = CheckoutManagerView.swift; sourceTree = "<group>"; };
		8364F9178AF7463E8CE2E2D7 /* SavedView.swift */ = {isa = PBXFileReference; lastKnownFileType = sourcecode.swift; path = SavedView.swift; sourceTree = "<group>"; };
		8AA52B1C56284EA4A3BC80B9 /* UserAuthService.swift */ = {isa = PBXFileReference; lastKnownFileType = sourcecode.swift; path = UserAuthService.swift; sourceTree = "<group>"; };
		8AE83DBF258F4E2EAAABBBD2 /* Env.swift */ = {isa = PBXFileReference; lastKnownFileType = sourcecode.swift; path = Env.swift; sourceTree = "<group>"; };
		0F92EB11302889829A9EF9D7 /* SecureStorage.swift */ = {isa = PBXFileReference; lastKnownFileType = sourcecode.swift; path = SecureStorage.swift; sourceTree = "<group>"; };
		EDD520B9334DB3D478D121CA /* InputValidator.swift */ = {isa = PBXFileReference; lastKnownFileType = sourcecode.swift; path = InputValidator.swift; sourceTree = "<group>"; };
		7F47F55A3C55625C244BF152 /* LogManager.swift */ = {isa = PBXFileReference; lastKnownFileType = sourcecode.swift; path = LogManager.swift; sourceTree = "<group>"; };
		B17401CF0FB11806CDFFA89C /* NetworkSecurity.swift */ = {isa = PBXFileReference; lastKnownFileType = sourcecode.swift; path = NetworkSecurity.swift; sourceTree = "<group>"; };
		D4E8B3A72F9C61D09A4E27F1 /* NetworkMonitor.swift */ = {isa = PBXFileReference; lastKnownFileType = sourcecode.swift; path = NetworkMonitor.swift; sourceTree = "<group>"; };
		8DFC7777280840E1BFF25C9A /* AppleAuthManager.swift */ = {isa = PBXFileReference; lastKnownFileType = sourcecode.swift; path = AppleAuthManager.swift; sourceTree = "<group>"; };
		914FF8189FED445B8CEBBCD5 /* Models.swift */ = {isa = PBXFileReference; lastKnownFileType = sourcecode.swift; path = Models.swift; sourceTree = "<group>"; };
		98171DA12E6D61A600A323C7 /* BlackScan.app */ = {isa = PBXFileReference; explicitFileType = wrapper.application; includeInIndex = 0; path = BlackScan.app; sourceTree = BUILT_PRODUCTS_DIR; };
		98171DAA2E6D61A700A323C7 /* Assets.xcassets */ = {isa = PBXFileReference; lastKnownFileType = folder.assetcatalog; path = Assets.xcassets; sourceTree = "<group>"; };
		B8F3A1C2D7E04A91F0C26E3D /* PrivacyInfo.xcprivacy */ = {isa = PBXFileReference; lastKnownFileType = text.xml; path = PrivacyInfo.xcprivacy; sourceTree = "<group>"; };
		98171DAD2E6D61A700A323C7 /* Preview Assets.xcassets */ = {isa = PBXFileReference; lastKnownFileType = folder.assetcatalog; path = "Preview Assets.xcassets"; sourceTree = "<group>"; };
		98171DB32E6D61A700A323C7 /* BlackScanTests.xctest */ = {isa = PBXFileReference; explicitFileType = wrapper.cfbundle; includeInIndex = 0; path = BlackScanTests.xctest; sourceTree = BUILT_PRODUCTS_DIR; };
		98171DB72E6D61A700A323C7 /* BlackScanTests.swift */ = {isa = PBXFileReference; lastKnownFileType = sourcecode.swift; path = BlackScanTests.swift; sourceTree = "<group>"; };
		98171DBD2E6D61A700A323C7 /* BlackScanUITests.xctest */ = {isa = PBXFileReference; explicitFileType = wrapper.cfbundle; includeInIndex = 0; path = BlackScanUITests.xctest; sourceTree = BUILT_PRODUCTS_DIR; };
		98171DC12E6D61A700A323C7 /* BlackScanUITests.swift */ = {isa = PBXFileReference; lastKnownFileType = sourcecode.swift; path = BlackScanUITests.swift; sourceTree = "<group>"; };
		98171DC32E6D61A700A323C7 /* BlackScanUITestsLaunchTests.swift */ = {isa = PBXFileReference; lastKnownFileType = sourcecode.swift; path = BlackScanUITestsLaunchTests.swift; sourceTree = "<group>"; };
		9895135E2F3433040093A83B /* AdvancedClassifier.swift */ = {isa = PBXFileReference; lastKnownFileType = sourcecode.swift; path = AdvancedClassifier.swift; sourceTree = "<group>"; };
		9895135F2F3433040093A83B /* BrandDatabase.swift */ = {isa = PBXFileReference; lastKnownFileType = sourcecode.swift; path = BrandDatabase.swift; sourceTree = "<group>"; };
		989513602F3433040093A83B /* ConfidenceScorer.swift */ = {isa = PBXFileReference; lastKnownFileType = sourcecode.swift; path = ConfidenceScorer.swift; sourceTree = "<group>"; };
		989513612F3433040093A83B /* FormTaxonomy.swift */ = {isa = PBXFileReference; lastKnownFileType = sourcecode.swift; path = FormTaxonomy.swift; sourceTree = "<group>"; };
		989513622F3433040093A83B /* IngredientDatabase.swift */ = {isa = PBXFileReference; lastKnownFileType = sourcecode.swift; path = IngredientDatabase.swift; sourceTree = "<group>"; };
		989513632F3433040093A83B /* ProductTaxonomy.swift */ = {isa = PBXFileReference; lastKnownFileType = sourcecode.swift; path = ProductTaxonomy.swift; sourceTree = "<group>"; };
		989513642F3433040093A83B /* SizeExtractor.swift */ = {isa = PBXFileReference; lastKnownFileType = sourcecode.swift; path = SizeExtractor.swift; sourceTree = "<group>"; };
		9895136D2F34423F0093A83B /* OpenAIVisionService.swift */ = {isa = PBXFileReference; lastKnownFileType = sourcecode.swift; path = OpenAIVisionService.swift; sourceTree = "<group>"; };
		989513712F34516F0093A83B /* GPT4TextService.swift */ = {isa = PBXFileReference; lastKnownFileType = sourcecode.swift; path = GPT4TextService.swift; sourceTree = "<group>"; };
		989513722F34516F0093A83B /* MultiFrameOCRService.swift */ = {isa = PBXFileReference; lastKnownFileType = sourcecode.swift; path = MultiFrameOCRService.swift; sourceTree = "<group>"; };
		989513752F3452D20093A83B /* HybridScanService.swift */ = {isa = PBXFileReference; lastKnownFileType = sourcecode.swift; path = HybridScanService.swift; sourceTree = "<group>"; };
		98EC5A7B2F1D6BEE0093C455 /* AllFeaturedProductsView.swift */ = {isa = PBXFileReference; lastKnownFileType = sourcecode.swift; path = AllFeaturedProductsView.swift; sourceTree = "<group>"; };

		98EC5A7F2F1D7F1E0093C455 /* ImageCache.swift */ = {isa = PBXFileReference; lastKnownFileType = sourcecode.swift; path = ImageCache.swift; sourceTree = "<group>"; };
		98EC5AFE2F1EBC040093C455 /* DesignSystem.swift */ = {isa = PBXFileReference; lastKnownFileType = sourcecode.swift; path = DesignSystem.swift; sourceTree = "<group>"; };
		98EC5A822F1EBC040093C455 /* MainTabView.swift */ = {isa = PBXFileReference; lastKnownFileType = sourcecode.swift; path = MainTabView.swift; sourceTree = "<group>"; };
		9B4D3580FC05495BADB469B2 /* ScanView.swift */ = {isa = PBXFileReference; lastKnownFileType = sourcecode.swift; path = ScanView.swift; sourceTree = "<group>"; };
		A0BA6B7961A448CCBF2A1334 /* CartItem.swift */ = {isa = PBXFileReference; lastKnownFileType = sourcecode.swift; path = CartItem.swift; sourceTree = "<group>"; };
		B370110C1CD84244B4013254 /* ../BlackScanApp.swift */ = {isa = PBXFileReference; lastKnownFileType = sourcecode.swift; path = ../BlackScanApp.swift; sourceTree = "<group>"; };
		E2FF8FDC94A54D5F953B33D7 /* FeedbackManager.swift */ = {isa = PBXFileReference; lastKnownFileType = sourcecode.swift; path = FeedbackManager.swift; sourceTree = "<group>"; };
		E4ACF8E0E668487081844A6E /* ScanHistoryManager.swift */ = {isa = PBXFileReference; lastKnownFileType = sourcecode.swift; path = ScanHistoryManager.swift; sourceTree = "<group>"; };
		F33E971E5C884EFDB7C130BE /* TestEnv.swift */ = {isa = PBXFileReference; lastKnownFileType = sourcecode.swift; path = TestEnv.swift; sourceTree = "<group>"; };
		F5FFCED2B95049898237A9ED /* SavedCompaniesManager.swift */ = {isa = PBXFileReference; lastKnownFileType = sourcecode.swift; path = SavedCompaniesManager.swift; sourceTree = "<group>"; };
		PCACHE002BBBB000022222222 /* ProductCacheManager.swift */ = {isa = PBXFileReference; lastKnownFileType = sourcecode.swift; path = ProductCacheManager.swift; sourceTree = "<group>"; };
/* End PBXFileReference section */

/* Begin PBXFrameworksBuildPhase section */
		98171D9E2E6D61A600A323C7 /* Frameworks */ = {
			isa = PBXFrameworksBuildPhase;
			buildActionMask = 2147483647;
			files = (
			);
			runOnlyForDeploymentPostprocessing = 0;
		};
		98171DB02E6D61A700A323C7 /* Frameworks */ = {
			isa = PBXFrameworksBuildPhase;
			buildActionMask = 2147483647;
			files = (
			);
			runOnlyForDeploymentPostprocessing = 0;
		};
		98171DBA2E6D61A700A323C7 /* Frameworks */ = {
			isa = PBXFrameworksBuildPhase;
			buildActionMask = 2147483647;
			files = (
			);
			runOnlyForDeploymentPostprocessing = 0;
		};
/* End PBXFrameworksBuildPhase section */

/* Begin PBXGroup section */
		98171D982E6D61A600A323C7 = {
			isa = PBXGroup;
			children = (
				98EC5A822F1EBC040093C455 /* MainTabView.swift */,
				98EC5A7F2F1D7F1E0093C455 /* ImageCache.swift */,
				98171DA32E6D61A600A323C7 /* BlackScan */,
				98171DB62E6D61A700A323C7 /* BlackScanTests */,
				98171DC02E6D61A700A323C7 /* BlackScanUITests */,
				98171DA22E6D61A600A323C7 /* Products */,
			);
			sourceTree = "<group>";
		};
		98171DA22E6D61A600A323C7 /* Products */ = {
			isa = PBXGroup;
			children = (
				98171DA12E6D61A600A323C7 /* BlackScan.app */,
				98171DB32E6D61A700A323C7 /* BlackScanTests.xctest */,
				98171DBD2E6D61A700A323C7 /* BlackScanUITests.xctest */,
			);
			name = Products;
			sourceTree = "<group>";
		};
		98171DA32E6D61A600A323C7 /* BlackScan */ = {
			isa = PBXGroup;
			children = (
				9895136D2F34423F0093A83B /* OpenAIVisionService.swift */,
				989513652F3433040093A83B /* Scanning */,
				80C9C066F5CFAC696924F52C /* Security */,
				98171DAA2E6D61A700A323C7 /* Assets.xcassets */,
				B8F3A1C2D7E04A91F0C26E3D /* PrivacyInfo.xcprivacy */,
				98171DAC2E6D61A700A323C7 /* Preview Content */,
				6A7B23A9180845D9A3B8750E /* UserAuthService.swift */,
				8DFC7777280840E1BFF25C9A /* AppleAuthManager.swift */,
				404E978B47FB4323B97047D4 /* CameraScanView.swift */,
				A0BA6B7961A448CCBF2A1334 /* CartItem.swift */,
				2D626E5264E34C09BA1DB396 /* CartManager.swift */,
				74F7812470F84E339FA49DF4 /* CheckoutManagerView.swift */,
				63DF065BCF4E4505B1D28792 /* Classifier.swift */,
				483EAB22DE12485CAFEB830D /* CompanyView.swift */,
				8AE83DBF258F4E2EAAABBBD2 /* Env.swift */,
				E2FF8FDC94A54D5F953B33D7 /* FeedbackManager.swift */,
				28B32B9E4FF04155B8C6178E /* Item.swift */,
				1ABDBF297C534B0F8F568526 /* LaunchScreenView.swift */,
				1702DD19E1CD44D7913A7610 /* LiveScannerView.swift */,
				914FF8189FED445B8CEBBCD5 /* Models.swift */,
				98EC5A7B2F1D6BEE0093C455 /* AllFeaturedProductsView.swift */,
				98EC5AFE2F1EBC040093C455 /* DesignSystem.swift */,
				29F5F79A5B6B44F28116EA3D /* ProductCard.swift */,

				6D7ADA2BECC04563B73B6CF0 /* ProductDetailView.swift */,
				PCACHE002BBBB000022222222 /* ProductCacheManager.swift */,
				513A748DE5B44D519E066756 /* ProfileView.swift */,
				F5FFCED2B95049898237A9ED /* SavedCompaniesManager.swift */,
				2B7CDEED77BE4D87A438833E /* SavedProductsManager.swift */,
				8364F9178AF7463E8CE2E2D7 /* SavedView.swift */,
				E4ACF8E0E668487081844A6E /* ScanHistoryManager.swift */,
				9B4D3580FC05495BADB469B2 /* ScanView.swift */,
				65CA91DF84CE4AE9BF1641EB /* ShopView.swift */,
				F33E971E5C884EFDB7C130BE /* TestEnv.swift */,
				12661F72CB2144B4AFC1E21B /* TypesenseClient.swift */,
				61B887E2854146EAACF130E8 /* TypesenseDiagnostic.swift */,
				8AA52B1C56284EA4A3BC80B9 /* UserAuthService.swift */,
				B370110C1CD84244B4013254 /* ../BlackScanApp.swift */,
			);
			path = BlackScan;
			sourceTree = "<group>";
		};
		98171DAC2E6D61A700A323C7 /* Preview Content */ = {
			isa = PBXGroup;
			children = (
				98171DAD2E6D61A700A323C7 /* Preview Assets.xcassets */,
			);
			path = "Preview Content";
			sourceTree = "<group>";
		};
		98171DB62E6D61A700A323C7 /* BlackScanTests */ = {
			isa = PBXGroup;
			children = (
				98171DB72E6D61A700A323C7 /* BlackScanTests.swift */,
			);
			path = BlackScanTests;
			sourceTree = "<group>";
		};
		98171DC02E6D61A700A323C7 /* BlackScanUITests */ = {
			isa = PBXGroup;
			children = (
				98171DC12E6D61A700A323C7 /* BlackScanUITests.swift */,
				98171DC32E6D61A700A323C7 /* BlackScanUITestsLaunchTests.swift */,
			);
			path = BlackScanUITests;
			sourceTree = "<group>";
		};
		989513652F3433040093A83B /* Scanning */ = {
			isa = PBXGroup;
			children = (
				989513752F3452D20093A83B /* HybridScanService.swift */,
				989513712F34516F0093A83B /* GPT4TextService.swift */,
				989513722F34516F0093A83B /* MultiFrameOCRService.swift */,
				9895135E2F3433040093A83B /* AdvancedClassifier.swift */,
				9895135F2F3433040093A83B /* BrandDatabase.swift */,
				989513602F3433040093A83B /* ConfidenceScorer.swift */,
				989513612F3433040093A83B /* FormTaxonomy.swift */,
				989513622F3433040093A83B /* IngredientDatabase.swift */,
				989513632F3433040093A83B /* ProductTaxonomy.swift */,
				989513642F3433040093A83B /* SizeExtractor.swift */,
			);
			path = Scanning;
			sourceTree = "<group>";
		};
		80C9C066F5CFAC696924F52C /* Security */ = {
			isa = PBXGroup;
			children = (
				0F92EB11302889829A9EF9D7 /* SecureStorage.swift */,
				EDD520B9334DB3D478D121CA /* InputValidator.swift */,
				7F47F55A3C55625C244BF152 /* LogManager.swift */,
				B17401CF0FB11806CDFFA89C /* NetworkSecurity.swift */,
				D4E8B3A72F9C61D09A4E27F1 /* NetworkMonitor.swift */,
			);
			path = Security;
			sourceTree = "<group>";
		};
/* End PBXGroup section */

/* Begin PBXNativeTarget section */
		98171DA02E6D61A600A323C7 /* BlackScan */ = {
			isa = PBXNativeTarget;
			buildConfigurationList = 98171DC72E6D61A700A323C7 /* Build configuration list for PBXNativeTarget "BlackScan" */;
			buildPhases = (
				98171D9D2E6D61A600A323C7 /* Sources */,
				98171D9E2E6D61A600A323C7 /* Frameworks */,
				98171D9F2E6D61A600A323C7 /* Resources */,
			);
			buildRules = (
			);
			dependencies = (
			);
			name = BlackScan;
			productName = BlackScan;
			productReference = 98171DA12E6D61A600A323C7 /* BlackScan.app */;
			productType = "com.apple.product-type.application";
		};
		98171DB22E6D61A700A323C7 /* BlackScanTests */ = {
			isa = PBXNativeTarget;
			buildConfigurationList = 98171DCA2E6D61A700A323C7 /* Build configuration list for PBXNativeTarget "BlackScanTests" */;
			buildPhases = (
				98171DAF2E6D61A700A323C7 /* Sources */,
				98171DB02E6D61A700A323C7 /* Frameworks */,
				98171DB12E6D61A700A323C7 /* Resources */,
			);
			buildRules = (
			);
			dependencies = (
				98171DB52E6D61A700A323C7 /* PBXTargetDependency */,
			);
			name = BlackScanTests;
			productName = BlackScanTests;
			productReference = 98171DB32E6D61A700A323C7 /* BlackScanTests.xctest */;
			productType = "com.apple.product-type.bundle.unit-test";
		};
		98171DBC2E6D61A700A323C7 /* BlackScanUITests */ = {
			isa = PBXNativeTarget;
			buildConfigurationList = 98171DCD2E6D61A700A323C7 /* Build configuration list for PBXNativeTarget "BlackScanUITests" */;
			buildPhases = (
				98171DB92E6D61A700A323C7 /* Sources */,
				98171DBA2E6D61A700A323C7 /* Frameworks */,
				98171DBB2E6D61A700A323C7 /* Resources */,
			);
			buildRules = (
			);
			dependencies = (
				98171DBF2E6D61A700A323C7 /* PBXTargetDependency */,
			);
			name = BlackScanUITests;
			productName = BlackScanUITests;
			productReference = 98171DBD2E6D61A700A323C7 /* BlackScanUITests.xctest */;
			productType = "com.apple.product-type.bundle.ui-testing";
		};
/* End PBXNativeTarget section */

/* Begin PBXProject section */
		98171D992E6D61A600A323C7 /* Project object */ = {
			isa = PBXProject;
			attributes = {
				BuildIndependentTargetsInParallel = 1;
				LastSwiftUpdateCheck = 1540;
				LastUpgradeCheck = 1540;
				TargetAttributes = {
					98171DA02E6D61A600A323C7 = {
						CreatedOnToolsVersion = 15.4;
					};
					98171DB22E6D61A700A323C7 = {
						CreatedOnToolsVersion = 15.4;
						TestTargetID = 98171DA02E6D61A600A323C7;
					};
					98171DBC2E6D61A700A323C7 = {
						CreatedOnToolsVersion = 15.4;
						TestTargetID = 98171DA02E6D61A600A323C7;
					};
				};
			};
			buildConfigurationList = 98171D9C2E6D61A600A323C7 /* Build configuration list for PBXProject "BlackScan" */;
			compatibilityVersion = "Xcode 14.0";
			developmentRegion = en;
			hasScannedForEncodings = 0;
			knownRegions = (
				en,
				Base,
			);
			mainGroup = 98171D982E6D61A600A323C7;
			productRefGroup = 98171DA22E6D61A600A323C7 /* Products */;
			projectDirPath = "";
			projectRoot = "";
			targets = (
				98171DA02E6D61A600A323C7 /* BlackScan */,
				98171DB22E6D61A700A323C7 /* BlackScanTests */,
				98171DBC2E6D61A700A323C7 /* BlackScanUITests */,
			);
		};
/* End PBXProject section */

/* Begin PBXResourcesBuildPhase section */
		98171D9F2E6D61A600A323C7 /* Resources */ = {
			isa = PBXResourcesBuildPhase;
			buildActionMask = 2147483647;
			files = (
				98171DAE2E6D61A700A323C7 /* Preview Assets.xcassets in Resources */,
				98171DAB2E6D61A700A323C7 /* Assets.xcassets in Resources */,
				C9A4E7F13B2D58A0E1F09C76 /* PrivacyInfo.xcprivacy in Resources */,
			);
			runOnlyForDeploymentPostprocessing = 0;
		};
		98171DB12E6D61A700A323C7 /* Resources */ = {
			isa = PBXResourcesBuildPhase;
			buildActionMask = 2147483647;
			files = (
			);
			runOnlyForDeploymentPostprocessing = 0;
		};
		98171DBB2E6D61A700A323C7 /* Resources */ = {
			isa = PBXResourcesBuildPhase;
			buildActionMask = 2147483647;
			files = (
			);
			runOnlyForDeploymentPostprocessing = 0;
		};
/* End PBXResourcesBuildPhase section */

/* Begin PBXSourcesBuildPhase section */
		98171D9D2E6D61A600A323C7 /* Sources */ = {
			isa = PBXSourcesBuildPhase;
			buildActionMask = 2147483647;
			files = (
				98EC5A802F1D7F1E0093C455 /* ImageCache.swift in Sources */,
				9895136E2F34423F0093A83B /* OpenAIVisionService.swift in Sources */,
				F5857BF10EB44C56B2197FBD /* AppleAuthManager.swift in Sources */,
				F1ED561BA80746938AE9D89F /* CameraScanView.swift in Sources */,
				03B0200A3F61416B8E09B2B5 /* CartItem.swift in Sources */,
				5057509543844DA19943CA25 /* CartManager.swift in Sources */,
				19AA321156484F2EBDF8B168 /* CheckoutManagerView.swift in Sources */,
				E6EC0496171E4F33BC3300B8 /* Classifier.swift in Sources */,
				86FDE1CFAE2144B5B254F7E3 /* CompanyView.swift in Sources */,
				989513662F3433040093A83B /* ConfidenceScorer.swift in Sources */,
				989513672F3433040093A83B /* ProductTaxonomy.swift in Sources */,
				989513682F3433040093A83B /* IngredientDatabase.swift in Sources */,
				989513692F3433040093A83B /* SizeExtractor.swift in Sources */,
				9895136A2F3433040093A83B /* AdvancedClassifier.swift in Sources */,
				9895136B2F3433040093A83B /* BrandDatabase.swift in Sources */,
				9895136C2F3433040093A83B /* FormTaxonomy.swift in Sources */,
				F69815BE12C241C99C84CA36 /* Env.swift in Sources */,
				EE8D08D3E5127E674A0E4573 /* SecureStorage.swift in Sources */,
				30B399E6F7740EA656AFAEBF /* InputValidator.swift in Sources */,
				91E3819F1DC5875A8A37EC88 /* LogManager.swift in Sources */,
				41EEC4A43FF078436E32D50A /* NetworkSecurity.swift in Sources */,
				A2C7D9F41E3A0B52D8F1C6E0 /* NetworkMonitor.swift in Sources */,
				68C3C791DBA54F789650CF84 /* FeedbackManager.swift in Sources */,
				ACC64E1E00CA44038FE01F24 /* Item.swift in Sources */,
				582CC9A5239A414E83EE6558 /* LaunchScreenView.swift in Sources */,
				429AC597DC284619A0A3EF9C /* LiveScannerView.swift in Sources */,
				98EC5A7D2F1D6BEE0093C455 /* AllFeaturedProductsView.swift in Sources */,

				C683AC8FE0F54FBEACFE35E4 /* Models.swift in Sources */,
				989513762F3452D20093A83B /* HybridScanService.swift in Sources */,
				9D46EE1BF95E44D2B81D11E6 /* ProductCard.swift in Sources */,
				DB9BCCDD97F9422FB0391341 /* ProductDetailView.swift in Sources */,
				3159309F4F0E4064915B2335 /* ProfileView.swift in Sources */,
				10CF6117E68F4EFE8620EBD4 /* SavedCompaniesManager.swift in Sources */,
				PCACHE001AAAA000011111111 /* ProductCacheManager.swift in Sources */,
				9626C455B93B4831926AAECE /* SavedProductsManager.swift in Sources */,
				5CF48CB932F34A94968108C3 /* SavedView.swift in Sources */,
				7BC94C979D09429DAC131580 /* ScanHistoryManager.swift in Sources */,
				F072230AA6CA4E5595432F8A /* ScanView.swift in Sources */,
				989513732F34516F0093A83B /* MultiFrameOCRService.swift in Sources */,
				989513742F34516F0093A83B /* GPT4TextService.swift in Sources */,
				308D736FEEE54EDDAEE2DBF1 /* ShopView.swift in Sources */,
				A2BA2EE6C51248D68611BF05 /* TestEnv.swift in Sources */,
				98EC5A832F1EBC040093C455 /* MainTabView.swift in Sources */,
				98EC5AFF2F1EBC040093C455 /* DesignSystem.swift in Sources */,
				BF012019D9B6439087938951 /* TypesenseClient.swift in Sources */,
				CA1C305EAD0341FD8FCC737B /* TypesenseDiagnostic.swift in Sources */,
				6EDDCA701DE548B0B7938F2A /* UserAuthService.swift in Sources */,
				A4C01374B0914DDBBA148277 /* ../BlackScanApp.swift in Sources */,
			);
			runOnlyForDeploymentPostprocessing = 0;
		};
		98171DAF2E6D61A700A323C7 /* Sources */ = {
			isa = PBXSourcesBuildPhase;
			buildActionMask = 2147483647;
			files = (
				98171DB82E6D61A700A323C7 /* BlackScanTests.swift in Sources */,
			);
			runOnlyForDeploymentPostprocessing = 0;
		};
		98171DB92E6D61A700A323C7 /* Sources */ = {
			isa = PBXSourcesBuildPhase;
			buildActionMask = 2147483647;
			files = (
				98171DC22E6D61A700A323C7 /* BlackScanUITests.swift in Sources */,
				98171DC42E6D61A700A323C7 /* BlackScanUITestsLaunchTests.swift in Sources */,
			);
			runOnlyForDeploymentPostprocessing = 0;
		};
/* End PBXSourcesBuildPhase section */

/* Begin PBXTargetDependency section */
		98171DB52E6D61A700A323C7 /* PBXTargetDependency */ = {
			isa = PBXTargetDependency;
			target = 98171DA02E6D61A600A323C7 /* BlackScan */;
			targetProxy = 98171DB42E6D61A700A323C7 /* PBXContainerItemProxy */;
		};
		98171DBF2E6D61A700A323C7 /* PBXTargetDependency */ = {
			isa = PBXTargetDependency;
			target = 98171DA02E6D61A600A323C7 /* BlackScan */;
			targetProxy = 98171DBE2E6D61A700A323C7 /* PBXContainerItemProxy */;
		};
/* End PBXTargetDependency section */

/* Begin XCBuildConfiguration section */
		98171DC52E6D61A700A323C7 /* Debug */ = {
			isa = XCBuildConfiguration;
			buildSettings = {
				ALWAYS_SEARCH_USER_PATHS = NO;
				ASSETCATALOG_COMPILER_GENERATE_SWIFT_ASSET_SYMBOL_EXTENSIONS = YES;
				CLANG_ANALYZER_NONNULL = YES;
				CLANG_ANALYZER_NUMBER_OBJECT_CONVERSION = YES_AGGRESSIVE;
				CLANG_CXX_LANGUAGE_STANDARD = "gnu++20";
				CLANG_ENABLE_MODULES = YES;
				CLANG_ENABLE_OBJC_ARC = YES;
				CLANG_ENABLE_OBJC_WEAK = YES;
				CLANG_WARN_BLOCK_CAPTURE_AUTORELEASING = YES;
				CLANG_WARN_BOOL_CONVERSION = YES;
				CLANG_WARN_COMMA = YES;
				CLANG_WARN_CONSTANT_CONVERSION = YES;
				CLANG_WARN_DEPRECATED_OBJC_IMPLEMENTATIONS = YES;
				CLANG_WARN_DIRECT_OBJC_ISA_USAGE = YES_ERROR;
				CLANG_WARN_DOCUMENTATION_COMMENTS = YES;
				CLANG_WARN_EMPTY_BODY = YES;
				CLANG_WARN_ENUM_CONVERSION = YES;
				CLANG_WARN_INFINITE_RECURSION = YES;
				CLANG_WARN_INT_CONVERSION = YES;
				CLANG_WARN_NON_LITERAL_NULL_CONVERSION = YES;
				CLANG_WARN_OBJC_IMPLICIT_RETAIN_SELF = YES;
				CLANG_WARN_OBJC_LITERAL_CONVERSION = YES;
				CLANG_WARN_OBJC_ROOT_CLASS = YES_ERROR;
				CLANG_WARN_QUOTED_INCLUDE_IN_FRAMEWORK_HEADER = YES;
				CLANG_WARN_RANGE_LOOP_ANALYSIS = YES;
				CLANG_WARN_STRICT_PROTOTYPES = YES;
				CLANG_WARN_SUSPICIOUS_MOVE = YES;
				CLANG_WARN_UNGUARDED_AVAILABILITY = YES_AGGRESSIVE;
				CLANG_WARN_UNREACHABLE_CODE = YES;
				CLANG_WARN__DUPLICATE_METHOD_MATCH = YES;
				COPY_PHASE_STRIP = NO;
				DEBUG_INFORMATION_FORMAT = dwarf;
				ENABLE_STRICT_OBJC_MSGSEND = YES;
				ENABLE_TESTABILITY = YES;
				ENABLE_USER_SCRIPT_SANDBOXING = YES;
				GCC_C_LANGUAGE_STANDARD = gnu17;
				GCC_DYNAMIC_NO_PIC = NO;
				GCC_NO_COMMON_BLOCKS = YES;
				GCC_OPTIMIZATION_LEVEL = 0;
				GCC_PREPROCESSOR_DEFINITIONS = (
					"DEBUG=1",
					"$(inherited)",
				);
				GCC_WARN_64_TO_32_BIT_CONVERSION = YES;
				GCC_WARN_ABOUT_RETURN_TYPE = YES_ERROR;
				GCC_WARN_UNDECLARED_SELECTOR = YES;
				GCC_WARN_UNINITIALIZED_AUTOS = YES_AGGRESSIVE;
				GCC_WARN_UNUSED_FUNCTION = YES;
				GCC_WARN_UNUSED_VARIABLE = YES;
				IPHONEOS_DEPLOYMENT_TARGET = 17.5;
				LOCALIZATION_PREFERS_STRING_CATALOGS = YES;
				MTL_ENABLE_DEBUG_INFO = INCLUDE_SOURCE;
				MTL_FAST_MATH = YES;
				ONLY_ACTIVE_ARCH = YES;
				SDKROOT = iphoneos;
				SWIFT_ACTIVE_COMPILATION_CONDITIONS = "DEBUG $(inherited)";
				SWIFT_OPTIMIZATION_LEVEL = "-Onone";
			};
			name = Debug;
		};
		98171DC62E6D61A700A323C7 /* Release */ = {
			isa = XCBuildConfiguration;
			buildSettings = {
				ALWAYS_SEARCH_USER_PATHS = NO;
				ASSETCATALOG_COMPILER_GENERATE_SWIFT_ASSET_SYMBOL_EXTENSIONS = YES;
				CLANG_ANALYZER_NONNULL = YES;
				CLANG_ANALYZER_NUMBER_OBJECT_CONVERSION = YES_AGGRESSIVE;
				CLANG_CXX_LANGUAGE_STANDARD = "gnu++20";
				CLANG_ENABLE_MODULES = YES;
				CLANG_ENABLE_OBJC_ARC = YES;
				CLANG_ENABLE_OBJC_WEAK = YES;
				CLANG_WARN_BLOCK_CAPTURE_AUTORELEASING = YES;
				CLANG_WARN_BOOL_CONVERSION = YES;
				CLANG_WARN_COMMA = YES;
				CLANG_WARN_CONSTANT_CONVERSION = YES;
				CLANG_WARN_DEPRECATED_OBJC_IMPLEMENTATIONS = YES;
				CLANG_WARN_DIRECT_OBJC_ISA_USAGE = YES_ERROR;
				CLANG_WARN_DOCUMENTATION_COMMENTS = YES;
				CLANG_WARN_EMPTY_BODY = YES;
				CLANG_WARN_ENUM_CONVERSION = YES;
				CLANG_WARN_INFINITE_RECURSION = YES;
				CLANG_WARN_INT_CONVERSION = YES;
				CLANG_WARN_NON_LITERAL_NULL_CONVERSION = YES;
				CLANG_WARN_OBJC_IMPLICIT_RETAIN_SELF = YES;
				CLANG_WARN_OBJC_LITERAL_CONVERSION = YES;
				CLANG_WARN_OBJC_ROOT_CLASS = YES_ERROR;
				CLANG_WARN_QUOTED_INCLUDE_IN_FRAMEWORK_HEADER = YES;
				CLANG_WARN_RANGE_LOOP_ANALYSIS = YES;
				CLANG_WARN_STRICT_PROTOTYPES = YES;
				CLANG_WARN_SUSPICIOUS_MOVE = YES;
				CLANG_WARN_UNGUARDED_AVAILABILITY = YES_AGGRESSIVE;
				CLANG_WARN_UNREACHABLE_CODE = YES;
				CLANG_WARN__DUPLICATE_METHOD_MATCH = YES;
				COPY_PHASE_STRIP = NO;
				DEBUG_INFORMATION_FORMAT = "dwarf-with-dsym";
				ENABLE_NS_ASSERTIONS = NO;
				ENABLE_STRICT_OBJC_MSGSEND = YES;
				ENABLE_USER_SCRIPT_SANDBOXING = YES;
				GCC_C_LANGUAGE_STANDARD = gnu17;
				GCC_NO_COMMON_BLOCKS = YES;
				GCC_WARN_64_TO_32_BIT_CONVERSION = YES;
				GCC_WARN_ABOUT_RETURN_TYPE = YES_ERROR;
				GCC_WARN_UNDECLARED_SELECTOR = YES;
				GCC_WARN_UNINITIALIZED_AUTOS = YES_AGGRESSIVE;
				GCC_WARN_UNUSED_FUNCTION = YES;
				GCC_WARN_UNUSED_VARIABLE = YES;
				IPHONEOS_DEPLOYMENT_TARGET = 17.5;
				LOCALIZATION_PREFERS_STRING_CATALOGS = YES;
				MTL_ENABLE_DEBUG_INFO = NO;
				MTL_FAST_MATH = YES;
				SDKROOT = iphoneos;
				SWIFT_COMPILATION_MODE = wholemodule;
				VALIDATE_PRODUCT = YES;
			};
			name = Release;
		};
		98171DC82E6D61A700A323C7 /* Debug */ = {
			isa = XCBuildConfiguration;
			buildSettings = {
				ASSETCATALOG_COMPILER_APPICON_NAME = AppIcon;
				ASSETCATALOG_COMPILER_GLOBAL_ACCENT_COLOR_NAME = AccentColor;
				CODE_SIGN_ENTITLEMENTS = BlackScan/BlackScan.entitlements;
				CODE_SIGN_STYLE = Automatic;
				CURRENT_PROJECT_VERSION = 1;
				DEVELOPMENT_ASSET_PATHS = "\"BlackScan/Preview Content\"";
				DEVELOPMENT_TEAM = H9RD8ZZXHD;
				ENABLE_PREVIEWS = YES;
				GENERATE_INFOPLIST_FILE = YES;
				INFOPLIST_KEY_UIApplicationSceneManifest_Generation = YES;
				INFOPLIST_KEY_UIApplicationSupportsIndirectInputEvents = YES;
				INFOPLIST_KEY_NSCameraUsageDescription = "BlackScan uses your camera to scan product labels and find matching Black-owned alternatives.";
				INFOPLIST_KEY_UILaunchScreen_Generation = YES;
				INFOPLIST_KEY_UISupportedInterfaceOrientations = UIInterfaceOrientationPortrait;
				INFOPLIST_KEY_UISupportedInterfaceOrientations_iPad = "UIInterfaceOrientationLandscapeLeft UIInterfaceOrientationLandscapeRight UIInterfaceOrientationPortrait UIInterfaceOrientationPortraitUpsideDown";
				INFOPLIST_KEY_UIApplicationPrivacyPolicyURL = "https://kendall-wood.github.io/blackbuy/privacy-policy/";
				LD_RUNPATH_SEARCH_PATHS = (
					"$(inherited)",
					"@executable_path/Frameworks",
				);
				MARKETING_VERSION = 1.0;
				PRODUCT_BUNDLE_IDENTIFIER = xokendall.BlackScan;
				PRODUCT_NAME = "$(TARGET_NAME)";
				SWIFT_EMIT_LOC_STRINGS = YES;
				SWIFT_VERSION = 5.0;
				TARGETED_DEVICE_FAMILY = "1,2";
			};
			name = Debug;
		};
		98171DC92E6D61A700A323C7 /* Release */ = {
			isa = XCBuildConfiguration;
			buildSettings = {
				ASSETCATALOG_COMPILER_APPICON_NAME = AppIcon;
				ASSETCATALOG_COMPILER_GLOBAL_ACCENT_COLOR_NAME = AccentColor;
				CODE_SIGN_ENTITLEMENTS = BlackScan/BlackScan.entitlements;
				CODE_SIGN_STYLE = Automatic;
				CURRENT_PROJECT_VERSION = 1;
				DEVELOPMENT_ASSET_PATHS = "\"BlackScan/Preview Content\"";
				DEVELOPMENT_TEAM = H9RD8ZZXHD;
				ENABLE_PREVIEWS = YES;
				GENERATE_INFOPLIST_FILE = YES;
				INFOPLIST_KEY_UIApplicationSceneManifest_Generation = YES;
				INFOPLIST_KEY_UIApplicationSupportsIndirectInputEvents = YES;
				INFOPLIST_KEY_NSCameraUsageDescription = "BlackScan uses your camera to scan product labels and find matching Black-owned alternatives.";
				INFOPLIST_KEY_UILaunchScreen_Generation = YES;
				INFOPLIST_KEY_UISupportedInterfaceOrientations = UIInterfaceOrientationPortrait;
				INFOPLIST_KEY_UISupportedInterfaceOrientations_iPad = "UIInterfaceOrientationLandscapeLeft UIInterfaceOrientationLandscapeRight UIInterfaceOrientationPortrait UIInterfaceOrientationPortraitUpsideDown";
				INFOPLIST_KEY_UIApplicationPrivacyPolicyURL = "https://kendall-wood.github.io/blackbuy/privacy-policy/";
				LD_RUNPATH_SEARCH_PATHS = (
					"$(inherited)",
					"@executable_path/Frameworks",
				);
				MARKETING_VERSION = 1.0;
				PRODUCT_BUNDLE_IDENTIFIER = xokendall.BlackScan;
				PRODUCT_NAME = "$(TARGET_NAME)";
				SWIFT_EMIT_LOC_STRINGS = YES;
				SWIFT_VERSION = 5.0;
				TARGETED_DEVICE_FAMILY = "1,2";
			};
			name = Release;
		};
		98171DCB2E6D61A700A323C7 /* Debug */ = {
			isa = XCBuildConfiguration;
			buildSettings = {
				ALWAYS_EMBED_SWIFT_STANDARD_LIBRARIES = YES;
				BUNDLE_LOADER = "$(TEST_HOST)";
				CODE_SIGN_STYLE = Automatic;
				CURRENT_PROJECT_VERSION = 1;
				DEVELOPMENT_TEAM = H9RD8ZZXHD;
				GENERATE_INFOPLIST_FILE = YES;
				IPHONEOS_DEPLOYMENT_TARGET = 17.5;
				MARKETING_VERSION = 1.0;
				PRODUCT_BUNDLE_IDENTIFIER = xokendall.BlackScanTests;
				PRODUCT_NAME = "$(TARGET_NAME)";
				SWIFT_EMIT_LOC_STRINGS = NO;
				SWIFT_VERSION = 5.0;
				TARGETED_DEVICE_FAMILY = "1,2";
				TEST_HOST = "$(BUILT_PRODUCTS_DIR)/BlackScan.app/$(BUNDLE_EXECUTABLE_FOLDER_PATH)/BlackScan";
			};
			name = Debug;
		};
		98171DCC2E6D61A700A323C7 /* Release */ = {
			isa = XCBuildConfiguration;
			buildSettings = {
				ALWAYS_EMBED_SWIFT_STANDARD_LIBRARIES = YES;
				BUNDLE_LOADER = "$(TEST_HOST)";
				CODE_SIGN_STYLE = Automatic;
				CURRENT_PROJECT_VERSION = 1;
				DEVELOPMENT_TEAM = H9RD8ZZXHD;
				GENERATE_INFOPLIST_FILE = YES;
				IPHONEOS_DEPLOYMENT_TARGET = 17.5;
				MARKETING_VERSION = 1.0;
				PRODUCT_BUNDLE_IDENTIFIER = xokendall.BlackScanTests;
				PRODUCT_NAME = "$(TARGET_NAME)";
				SWIFT_EMIT_LOC_STRINGS = NO;
				SWIFT_VERSION = 5.0;
				TARGETED_DEVICE_FAMILY = "1,2";
				TEST_HOST = "$(BUILT_PRODUCTS_DIR)/BlackScan.app/$(BUNDLE_EXECUTABLE_FOLDER_PATH)/BlackScan";
			};
			name = Release;
		};
		98171DCE2E6D61A700A323C7 /* Debug */ = {
			isa = XCBuildConfiguration;
			buildSettings = {
				ALWAYS_EMBED_SWIFT_STANDARD_LIBRARIES = YES;
				CODE_SIGN_STYLE = Automatic;
				CURRENT_PROJECT_VERSION = 1;
				DEVELOPMENT_TEAM = H9RD8ZZXHD;
				GENERATE_INFOPLIST_FILE = YES;
				MARKETING_VERSION = 1.0;
				PRODUCT_BUNDLE_IDENTIFIER = xokendall.BlackScanUITests;
				PRODUCT_NAME = "$(TARGET_NAME)";
				SWIFT_EMIT_LOC_STRINGS = NO;
				SWIFT_VERSION = 5.0;
				TARGETED_DEVICE_FAMILY = "1,2";
				TEST_TARGET_NAME = BlackScan;
			};
			name = Debug;
		};
		98171DCF2E6D61A700A323C7 /* Release */ = {
			isa = XCBuildConfiguration;
			buildSettings = {
				ALWAYS_EMBED_SWIFT_STANDARD_LIBRARIES = YES;
				CODE_SIGN_STYLE = Automatic;
				CURRENT_PROJECT_VERSION = 1;
				DEVELOPMENT_TEAM = H9RD8ZZXHD;
				GENERATE_INFOPLIST_FILE = YES;
				MARKETING_VERSION = 1.0;
				PRODUCT_BUNDLE_IDENTIFIER = xokendall.BlackScanUITests;
				PRODUCT_NAME = "$(TARGET_NAME)";
				SWIFT_EMIT_LOC_STRINGS = NO;
				SWIFT_VERSION = 5.0;
				TARGETED_DEVICE_FAMILY = "1,2";
				TEST_TARGET_NAME = BlackScan;
			};
			name = Release;
		};
/* End XCBuildConfiguration section */

/* Begin XCConfigurationList section */
		98171D9C2E6D61A600A323C7 /* Build configuration list for PBXProject "BlackScan" */ = {
			isa = XCConfigurationList;
			buildConfigurations = (
				98171DC52E6D61A700A323C7 /* Debug */,
				98171DC62E6D61A700A323C7 /* Release */,
			);
			defaultConfigurationIsVisible = 0;
			defaultConfigurationName = Release;
		};
		98171DC72E6D61A700A323C7 /* Build configuration list for PBXNativeTarget "BlackScan" */ = {
			isa = XCConfigurationList;
			buildConfigurations = (
				98171DC82E6D61A700A323C7 /* Debug */,
				98171DC92E6D61A700A323C7 /* Release */,
			);
			defaultConfigurationIsVisible = 0;
			defaultConfigurationName = Release;
		};
		98171DCA2E6D61A700A323C7 /* Build configuration list for PBXNativeTarget "BlackScanTests" */ = {
			isa = XCConfigurationList;
			buildConfigurations = (
				98171DCB2E6D61A700A323C7 /* Debug */,
				98171DCC2E6D61A700A323C7 /* Release */,
			);
			defaultConfigurationIsVisible = 0;
			defaultConfigurationName = Release;
		};
		98171DCD2E6D61A700A323C7 /* Build configuration list for PBXNativeTarget "BlackScanUITests" */ = {
			isa = XCConfigurationList;
			buildConfigurations = (
				98171DCE2E6D61A700A323C7 /* Debug */,
				98171DCF2E6D61A700A323C7 /* Release */,
			);
			defaultConfigurationIsVisible = 0;
			defaultConfigurationName = Release;
		};
/* End XCConfigurationList section */
	};
	rootObject = 98171D992E6D61A600A323C7 /* Project object */;
}
